<?xml version="1.0" encoding="utf-8"?>
<Project ToolsVersion="4.0" xmlns="http://schemas.microsoft.com/developer/msbuild/2003">
  <ItemGroup>
    <Filter Include="Source">
      <UniqueIdentifier>{4FC737F1-C7A5-4376-A066-2A32D752A2FF}</UniqueIdentifier>
      <Extensions>cpp;c;cc;cxx;c++;cppm;ixx;def;odl;idl;hpj;bat;asm;asmx</Extensions>
    </Filter>
    <Filter Include="Source\0_Core">
      <UniqueIdentifier>{edd518e6-95e1-4916-a2c5-76cf3bf4a593}</UniqueIdentifier>
    </Filter>
    <Filter Include="Source\1_Modules">
      <UniqueIdentifier>{c439c352-04c1-4a51-a18b-730aeb7e2e30}</UniqueIdentifier>
    </Filter>
  </ItemGroup>
  <ItemGroup>
    <ClInclude Include="Source\GameApplication.h">
      <Filter>Source\0_Core</Filter>
    </ClInclude>
    <ClInclude Include="Source\M_GameManager.h">
      <Filter>Source\1_Modules</Filter>
    </ClInclude>
  </ItemGroup>
  <ItemGroup>
    <ClCompile Include="Source\GameApplication.cpp">
      <Filter>Source\0_Core</Filter>
    </ClCompile>
    <ClCompile Include="Source\M_GameManager.cpp">
      <Filter>Source\1_Modules</Filter>
    </ClCompile>
  </ItemGroup>
</Project>