<?xml version="1.0" encoding="utf-8"?>
<Project ToolsVersion="4.0" xmlns="http://schemas.microsoft.com/developer/msbuild/2003">
  <ItemGroup>
    <Filter Include="Source">
      <UniqueIdentifier>{4FC737F1-C7A5-4376-A066-2A32D752A2FF}</UniqueIdentifier>
      <Extensions>cpp;c;cc;cxx;c++;cppm;ixx;def;odl;idl;hpj;bat;asm;asmx</Extensions>
    </Filter>
    <Filter Include="Dependencies">
      <UniqueIdentifier>{b789b513-87de-454b-9f62-802425f7eb40}</UniqueIdentifier>
    </Filter>
    <Filter Include="Dependencies\ImGui">
      <UniqueIdentifier>{1bfe72bc-619f-45c2-bda0-0f50e55e4992}</UniqueIdentifier>
    </Filter>
    <Filter Include="Dependencies\ImGuiCustom">
      <UniqueIdentifier>{41e54226-ec4b-400c-b2e3-f2ad04ebdb46}</UniqueIdentifier>
    </Filter>
    <Filter Include="Dependencies\ImGuiCustom\CustomWidgets">
      <UniqueIdentifier>{996e71e3-f947-4f36-a71f-6ffa18b40e28}</UniqueIdentifier>
    </Filter>
    <Filter Include="Dependencies\ImGuizmo">
      <UniqueIdentifier>{8031d735-344f-4275-97ba-d07ff166cf58}</UniqueIdentifier>
    </Filter>
    <Filter Include="Dependencies\parson">
      <UniqueIdentifier>{29b20db1-299f-4fa0-891f-a3f521d091d3}</UniqueIdentifier>
    </Filter>
    <Filter Include="Source\0_Core">
      <UniqueIdentifier>{4ee0a0af-1a45-42e2-af93-d791283c0340}</UniqueIdentifier>
    </Filter>
    <Filter Include="Source\1_Modules">
      <UniqueIdentifier>{15ac23ef-5866-4355-8bb1-5e375496e74c}</UniqueIdentifier>
    </Filter>
    <Filter Include="Source\2_Editor">
      <UniqueIdentifier>{78719196-0e61-4201-9dd2-326dcfd423b3}</UniqueIdentifier>
    </Filter>
    <Filter Include="Source\2_Editor\Panels">
      <UniqueIdentifier>{80d4f0a6-df0b-4455-b83d-43b8f9d0c006}</UniqueIdentifier>
    </Filter>
    <Filter Include="Source\2_Editor\Panels\Popups">
      <UniqueIdentifier>{4c519394-a07a-4909-88b6-da8c14c363d3}</UniqueIdentifier>
    </Filter>
    <Filter Include="Dependencies\mmgr">
      <UniqueIdentifier>{1273f2f5-607c-4b30-be11-5d12ab33f401}</UniqueIdentifier>
    </Filter>
  </ItemGroup>
  <ItemGroup>
    <ClCompile Include="Source\EditorPanel.cpp">
      <Filter>Source\2_Editor</Filter>
    </ClCompile>
    <ClCompile Include="Source\E_Resources.cpp">
      <Filter>Source\2_Editor\Panels</Filter>
    </ClCompile>
    <ClCompile Include="Source\E_Timeline.cpp">
      <Filter>Source\2_Editor\Panels</Filter>
    </ClCompile>
    <ClCompile Include="Source\E_Configuration.cpp">
      <Filter>Source\2_Editor\Panels</Filter>
    </ClCompile>
    <ClCompile Include="Source\E_Console.cpp">
      <Filter>Source\2_Editor\Panels</Filter>
    </ClCompile>
    <ClCompile Include="Source\E_Hierarchy.cpp">
      <Filter>Source\2_Editor\Panels</Filter>
    </ClCompile>
    <ClCompile Include="Source\E_Inspector.cpp">
      <Filter>Source\2_Editor\Panels</Filter>
    </ClCompile>
    <ClCompile Include="Source\E_ImGuiDemo.cpp">
      <Filter>Source\2_Editor\Panels</Filter>
    </ClCompile>
    <ClCompile Include="Source\E_Project.cpp">
      <Filter>Source\2_Editor\Panels</Filter>
    </ClCompile>
    <ClCompile Include="Source\E_Viewport.cpp">
      <Filter>Source\2_Editor\Panels</Filter>
    </ClCompile>
    <ClCompile Include="Source\E_MainMenuBar.cpp">
      <Filter>Source\2_Editor\Panels</Filter>
    </ClCompile>
    <ClCompile Include="Source\E_Toolbar.cpp">
      <Filter>Source\2_Editor\Panels</Filter>
    </ClCompile>
    <ClCompile Include="Source\E_About.cpp">
      <Filter>Source\2_Editor\Panels\Popups</Filter>
    </ClCompile>
    <ClCompile Include="Source\E_LoadFile.cpp">
      <Filter>Source\2_Editor\Panels\Popups</Filter>
    </ClCompile>
    <ClCompile Include="Source\M_Editor.cpp">
      <Filter>Source\1_Modules</Filter>
    </ClCompile>
    <ClCompile Include="Source\Dependencies\ImGui\include\imgui.cpp">
      <Filter>Dependencies\ImGui</Filter>
    </ClCompile>
    <ClCompile Include="Source\Dependencies\ImGui\include\imgui_demo.cpp">
      <Filter>Dependencies\ImGui</Filter>
    </ClCompile>
    <ClCompile Include="Source\Dependencies\ImGui\include\imgui_draw.cpp">
      <Filter>Dependencies\ImGui</Filter>
    </ClCompile>
    <ClCompile Include="Source\Dependencies\ImGui\include\imgui_impl_opengl3.cpp">
      <Filter>Dependencies\ImGui</Filter>
    </ClCompile>
    <ClCompile Include="Source\Dependencies\ImGui\include\imgui_impl_sdl.cpp">
      <Filter>Dependencies\ImGui</Filter>
    </ClCompile>
    <ClCompile Include="Source\Dependencies\ImGui\include\imgui_widgets.cpp">
      <Filter>Dependencies\ImGui</Filter>
    </ClCompile>
    <ClCompile Include="Source\Dependencies\ImGuizmo\include\ImGuizmo.cpp">
      <Filter>Dependencies\ImGuizmo</Filter>
    </ClCompile>
    <ClCompile Include="Source\CurveEditor.cpp">
      <Filter>Dependencies\ImGuiCustom\CustomWidgets</Filter>
    </ClCompile>
    <ClCompile Include="Source\ThemeGenerator.cpp">
      <Filter>Dependencies\ImGuiCustom\CustomWidgets</Filter>
    </ClCompile>
    <ClCompile Include="Source\Timeline.cpp">
      <Filter>Dependencies\ImGuiCustom\CustomWidgets</Filter>
    </ClCompile>
    <ClCompile Include="Source\Dependencies\parson\include\parson.c">
      <Filter>Dependencies\parson</Filter>
    </ClCompile>
    <ClCompile Include="Source\TextEditor.cpp">
      <Filter>Dependencies\ImGuiCustom\CustomWidgets</Filter>
    </ClCompile>
    <ClCompile Include="Source\EngineApplication.cpp">
      <Filter>Source\0_Core</Filter>
    </ClCompile>
    <ClCompile Include="Source\Dependencies\mmgr\include\mmgr.cpp">
      <Filter>Dependencies\mmgr</Filter>
    </ClCompile>
    <ClCompile Include="Source\E_SaveFile.cpp">
      <Filter>Source\2_Editor\Panels\Popups</Filter>
    </ClCompile>
  </ItemGroup>
  <ItemGroup>
    <ClInclude Include="Source\EditorPanel.h">
      <Filter>Source\2_Editor</Filter>
    </ClInclude>
    <ClInclude Include="Source\E_Resources.h">
      <Filter>Source\2_Editor\Panels</Filter>
    </ClInclude>
    <ClInclude Include="Source\E_Timeline.h">
      <Filter>Source\2_Editor\Panels</Filter>
    </ClInclude>
    <ClInclude Include="Source\E_Project.h">
      <Filter>Source\2_Editor\Panels</Filter>
    </ClInclude>
    <ClInclude Include="Source\E_Toolbar.h">
      <Filter>Source\2_Editor\Panels</Filter>
    </ClInclude>
    <ClInclude Include="Source\E_Configuration.h">
      <Filter>Source\2_Editor\Panels</Filter>
    </ClInclude>
    <ClInclude Include="Source\E_Console.h">
      <Filter>Source\2_Editor\Panels</Filter>
    </ClInclude>
    <ClInclude Include="Source\E_Hierarchy.h">
      <Filter>Source\2_Editor\Panels</Filter>
    </ClInclude>
    <ClInclude Include="Source\E_Inspector.h">
      <Filter>Source\2_Editor\Panels</Filter>
    </ClInclude>
    <ClInclude Include="Source\E_ImGuiDemo.h">
      <Filter>Source\2_Editor\Panels</Filter>
    </ClInclude>
    <ClInclude Include="Source\E_Viewport.h">
      <Filter>Source\2_Editor\Panels</Filter>
    </ClInclude>
    <ClInclude Include="Source\E_MainMenuBar.h">
      <Filter>Source\2_Editor\Panels</Filter>
    </ClInclude>
    <ClInclude Include="Source\E_LoadFile.h">
      <Filter>Source\2_Editor\Panels\Popups</Filter>
    </ClInclude>
    <ClInclude Include="Source\E_About.h">
      <Filter>Source\2_Editor\Panels\Popups</Filter>
    </ClInclude>
    <ClInclude Include="Source\Dependencies\ImGui\include\imconfig.h">
      <Filter>Dependencies\ImGui</Filter>
    </ClInclude>
    <ClInclude Include="Source\Dependencies\ImGui\include\imgui.h">
      <Filter>Dependencies\ImGui</Filter>
    </ClInclude>
    <ClInclude Include="Source\Dependencies\ImGui\include\imgui_impl_opengl3.h">
      <Filter>Dependencies\ImGui</Filter>
    </ClInclude>
    <ClInclude Include="Source\Dependencies\ImGui\include\imgui_impl_sdl.h">
      <Filter>Dependencies\ImGui</Filter>
    </ClInclude>
    <ClInclude Include="Source\Dependencies\ImGui\include\imgui_internal.h">
      <Filter>Dependencies\ImGui</Filter>
    </ClInclude>
    <ClInclude Include="Source\Dependencies\ImGui\include\imstb_rectpack.h">
      <Filter>Dependencies\ImGui</Filter>
    </ClInclude>
    <ClInclude Include="Source\Dependencies\ImGui\include\imstb_textedit.h">
      <Filter>Dependencies\ImGui</Filter>
    </ClInclude>
    <ClInclude Include="Source\Dependencies\ImGui\include\imstb_truetype.h">
      <Filter>Dependencies\ImGui</Filter>
    </ClInclude>
    <ClInclude Include="Source\Dependencies\ImGuizmo\include\ImGuizmo.h">
      <Filter>Dependencies\ImGuizmo</Filter>
    </ClInclude>
    <ClInclude Include="Source\ImGuiCustom.h">
      <Filter>Dependencies\ImGuiCustom</Filter>
    </ClInclude>
    <ClInclude Include="Source\CurveEditor.h">
      <Filter>Dependencies\ImGuiCustom\CustomWidgets</Filter>
    </ClInclude>
    <ClInclude Include="Source\ThemeGenerator.h">
      <Filter>Dependencies\ImGuiCustom\CustomWidgets</Filter>
    </ClInclude>
    <ClInclude Include="Source\Timeline.h">
      <Filter>Dependencies\ImGuiCustom\CustomWidgets</Filter>
    </ClInclude>
    <ClInclude Include="Source\Dependencies\parson\include\parson.h">
      <Filter>Dependencies\parson</Filter>
    </ClInclude>
    <ClInclude Include="Source\TextEditor.h">
      <Filter>Dependencies\ImGuiCustom\CustomWidgets</Filter>
    </ClInclude>
    <ClInclude Include="Source\EngineApplication.h">
      <Filter>Source\0_Core</Filter>
    </ClInclude>
    <ClInclude Include="Source\Dependencies\mmgr\include\mmgr.h">
      <Filter>Dependencies\mmgr</Filter>
    </ClInclude>
    <ClInclude Include="Source\Dependencies\mmgr\include\nommgr.h">
      <Filter>Dependencies\mmgr</Filter>
    </ClInclude>
    <ClInclude Include="Source\M_Editor.h">
      <Filter>Source\1_Modules</Filter>
    </ClInclude>
    <ClInclude Include="Source\E_SaveFile.h">
      <Filter>Source\2_Editor\Panels\Popups</Filter>
    </ClInclude>
  </ItemGroup>
</Project>