<?xml version="1.0" encoding="utf-8"?>
<Project ToolsVersion="4.0" xmlns="http://schemas.microsoft.com/developer/msbuild/2003">
  <ItemGroup>
    <Filter Include="Dependencies">
      <UniqueIdentifier>{8ff307dd-7d8a-439f-810f-ce188766b944}</UniqueIdentifier>
    </Filter>
    <Filter Include="Dependencies\mmgr">
      <UniqueIdentifier>{edb6d39a-4150-4f31-8972-6d53a55cf8c6}</UniqueIdentifier>
    </Filter>
    <Filter Include="Dependencies\glew">
      <UniqueIdentifier>{4063d199-7b5c-43c4-95ac-f206f62335a2}</UniqueIdentifier>
    </Filter>
    <Filter Include="Dependencies\MathGeoLib">
      <UniqueIdentifier>{b7b29b1b-19ab-4057-8431-e740907618b9}</UniqueIdentifier>
    </Filter>
    <Filter Include="Dependencies\ImGui">
      <UniqueIdentifier>{309ec79a-8195-4576-b96b-e68dafd05dc1}</UniqueIdentifier>
    </Filter>
    <Filter Include="Dependencies\ImGuizmo">
      <UniqueIdentifier>{2364ac94-5c0e-4e27-8df1-d9663f4cc702}</UniqueIdentifier>
    </Filter>
    <Filter Include="Dependencies\parson">
      <UniqueIdentifier>{291f8e74-890d-48b6-aefd-69e00471d087}</UniqueIdentifier>
    </Filter>
    <Filter Include="Dependencies\PhysFS">
      <UniqueIdentifier>{5cc0d5d5-b067-4d25-862c-e0dd34bc6fa5}</UniqueIdentifier>
    </Filter>
    <Filter Include="Dependencies\Assimp">
      <UniqueIdentifier>{6aa303e1-6694-4757-8209-ffed78b5ee7b}</UniqueIdentifier>
    </Filter>
    <Filter Include="Dependencies\DevIL">
      <UniqueIdentifier>{b9a2a167-7134-4d0d-a130-8e15faad988f}</UniqueIdentifier>
    </Filter>
    <Filter Include="Dependencies\gpudetect">
      <UniqueIdentifier>{d8ad7825-f611-407a-ae9f-e791c73d49a4}</UniqueIdentifier>
    </Filter>
    <Filter Include="Dependencies\Brofiler">
      <UniqueIdentifier>{0503ae36-a6bc-4563-90f6-9b89e0532490}</UniqueIdentifier>
    </Filter>
    <Filter Include="Dependencies\PCG">
      <UniqueIdentifier>{43edea25-ddcc-47b7-9fa4-8c73b17b6e6c}</UniqueIdentifier>
    </Filter>
    <Filter Include="Dependencies\MathGeoLib\Algorithm">
      <UniqueIdentifier>{b9fdb457-18bc-4340-9fa4-eb8a9ec817df}</UniqueIdentifier>
    </Filter>
    <Filter Include="Dependencies\MathGeoLib\Geometry">
      <UniqueIdentifier>{438654fb-34fb-4833-9c7c-cec506011c9c}</UniqueIdentifier>
    </Filter>
    <Filter Include="Dependencies\MathGeoLib\Math">
      <UniqueIdentifier>{4c7515f7-483c-491a-aaa5-b99c421f5eef}</UniqueIdentifier>
    </Filter>
    <Filter Include="Dependencies\MathGeoLib\Time">
      <UniqueIdentifier>{45381160-ce4c-449a-864a-2ff15c65a5ba}</UniqueIdentifier>
    </Filter>
    <Filter Include="Dependencies\MathGeoLib\Algorithm\Random">
      <UniqueIdentifier>{c57f4dec-e08a-400e-9ed7-7e1d496c723d}</UniqueIdentifier>
    </Filter>
    <Filter Include="Source">
      <UniqueIdentifier>{847d135d-9520-4f5b-aeac-e70c9571d346}</UniqueIdentifier>
    </Filter>
    <Filter Include="Source\0_Core">
      <UniqueIdentifier>{bd7cff50-eca0-4035-917c-d1a964a1cbad}</UniqueIdentifier>
    </Filter>
    <Filter Include="Source\2_Editor">
      <UniqueIdentifier>{ce5f9503-c3b1-42dc-9ff4-9c9ec577a356}</UniqueIdentifier>
    </Filter>
    <Filter Include="Source\2_Editor\Panels">
      <UniqueIdentifier>{f860344e-b0a6-4941-9128-6268f360b20b}</UniqueIdentifier>
    </Filter>
    <Filter Include="Source\5_GameObjects">
      <UniqueIdentifier>{89d9c265-e7ec-4b81-b8e3-1466b0cf3102}</UniqueIdentifier>
    </Filter>
    <Filter Include="Source\5_GameObjects\Components">
      <UniqueIdentifier>{c68e88bb-471c-4d14-bd73-268ca1a3fc4f}</UniqueIdentifier>
    </Filter>
    <Filter Include="Source\5_GameObjects\Primitives">
      <UniqueIdentifier>{cee3d9d8-82ce-44fb-9b7d-440b0f93cc4a}</UniqueIdentifier>
    </Filter>
    <Filter Include="Source\5_GameObjects\Light">
      <UniqueIdentifier>{a98d25d7-2c83-45fa-a41c-8e3fc94ae71c}</UniqueIdentifier>
    </Filter>
    <Filter Include="Source\4_Importers">
      <UniqueIdentifier>{41994cb1-bb1d-4cb8-851d-cd929e1d1ca6}</UniqueIdentifier>
    </Filter>
    <Filter Include="Source\1_Modules">
      <UniqueIdentifier>{089a5297-550b-4568-a2fc-b7d6cde40b2a}</UniqueIdentifier>
    </Filter>
    <Filter Include="Source\3_Resources">
      <UniqueIdentifier>{3fc70017-e1cf-4939-9e07-c815a6a86cb3}</UniqueIdentifier>
    </Filter>
    <Filter Include="Source\6_Containers">
      <UniqueIdentifier>{1e102abd-c9e5-43e3-80d1-7bdfd5aae25a}</UniqueIdentifier>
    </Filter>
    <Filter Include="Source\7_Tools">
      <UniqueIdentifier>{880511d6-016b-4f4c-9c9a-c2b51f422055}</UniqueIdentifier>
    </Filter>
    <Filter Include="Source\7_Tools\Random">
      <UniqueIdentifier>{65defa9a-373d-47ef-ac1d-b0544ee05aa3}</UniqueIdentifier>
    </Filter>
    <Filter Include="Source\7_Tools\Globals">
      <UniqueIdentifier>{e674a538-3294-4ce9-b3a9-b3680c5722e6}</UniqueIdentifier>
    </Filter>
    <Filter Include="Source\8_ConfigurationFiles">
      <UniqueIdentifier>{a1d95bfc-501e-4e7e-8565-32b3471c7ce5}</UniqueIdentifier>
    </Filter>
    <Filter Include="Source\6_Containers\SystemInfo">
      <UniqueIdentifier>{4b4fd0f3-b79d-482e-b786-26360cceb682}</UniqueIdentifier>
    </Filter>
    <Filter Include="Source\6_Containers\Color">
      <UniqueIdentifier>{035f876d-323b-42ef-a97f-8702ac5a3b15}</UniqueIdentifier>
    </Filter>
    <Filter Include="Source\6_Containers\FileSystem">
      <UniqueIdentifier>{e638518c-d6dd-48d1-a4c4-68f23131e7e2}</UniqueIdentifier>
    </Filter>
    <Filter Include="Source\6_Containers\ImportSettings">
      <UniqueIdentifier>{57aa68b1-2384-413d-8b44-b82b932557b8}</UniqueIdentifier>
    </Filter>
    <Filter Include="Source\7_Tools\Parsers">
      <UniqueIdentifier>{3aaf0e0f-c001-4818-9168-7d1beb976c6c}</UniqueIdentifier>
    </Filter>
    <Filter Include="Source\2_Editor\Panels\Popups">
      <UniqueIdentifier>{5f0f2c8f-4430-4e5f-ac54-7c0436d600b2}</UniqueIdentifier>
    </Filter>
    <Filter Include="Source\7_Tools\Includes">
      <UniqueIdentifier>{27351bd9-d935-41ef-a866-e00cc8cdf476}</UniqueIdentifier>
    </Filter>
    <Filter Include="Source\7_Tools\Time">
      <UniqueIdentifier>{8383af2d-812c-46ce-988c-4cfcc424cdba}</UniqueIdentifier>
    </Filter>
    <Filter Include="Source\7_Tools\Time\TimeContainers">
      <UniqueIdentifier>{f5fec8cd-efb1-4ea1-aca0-246d5d53cb37}</UniqueIdentifier>
    </Filter>
    <Filter Include="Source\6_Containers\ImportSettings\Settings">
      <UniqueIdentifier>{f5c81a1d-712c-465d-b0e1-38d2895750db}</UniqueIdentifier>
    </Filter>
    <Filter Include="Source\6_Containers\Icons">
      <UniqueIdentifier>{cbf7300c-306a-40d9-a473-8f4ce3303b95}</UniqueIdentifier>
    </Filter>
    <Filter Include="Source\6_Containers\Renderer3D">
      <UniqueIdentifier>{3f6114a8-c940-4e3d-bb3a-e84527f322d0}</UniqueIdentifier>
    </Filter>
    <Filter Include="Source\7_Tools\EasingFunctions">
      <UniqueIdentifier>{bc7276d6-a8c7-4348-97df-10e1e70c6715}</UniqueIdentifier>
    </Filter>
    <Filter Include="Source\7_Tools\ImGuiCustom">
      <UniqueIdentifier>{419136b2-46a9-42f8-bd8e-f107ebb4d13b}</UniqueIdentifier>
    </Filter>
    <Filter Include="Source\7_Tools\ImGuiCustom\CustomWidgets">
      <UniqueIdentifier>{44b6df73-6ff7-4399-b385-b268ab542394}</UniqueIdentifier>
    </Filter>
    <Filter Include="Source\6_Containers\Animator">
      <UniqueIdentifier>{656967a7-41cb-4465-b88d-3ec673d9c499}</UniqueIdentifier>
    </Filter>
    <Filter Include="Source\6_Containers\Animation">
      <UniqueIdentifier>{29e2c196-174d-4b25-be5b-98a268ce9867}</UniqueIdentifier>
    </Filter>
  </ItemGroup>
  <ItemGroup>
    <ClCompile Include="Source\Application.cpp">
      <Filter>Source\0_Core</Filter>
    </ClCompile>
    <ClCompile Include="Source\Main.cpp">
      <Filter>Source\0_Core</Filter>
    </ClCompile>
    <ClCompile Include="Source\Light.cpp">
      <Filter>Source\5_GameObjects\Light</Filter>
    </ClCompile>
    <ClCompile Include="Source\M_Editor.cpp">
      <Filter>Source\1_Modules</Filter>
    </ClCompile>
    <ClCompile Include="Source\M_Input.cpp">
      <Filter>Source\1_Modules</Filter>
    </ClCompile>
    <ClCompile Include="Source\M_Renderer3D.cpp">
      <Filter>Source\1_Modules</Filter>
    </ClCompile>
    <ClCompile Include="Source\M_Window.cpp">
      <Filter>Source\1_Modules</Filter>
    </ClCompile>
    <ClCompile Include="Source\Module.cpp">
      <Filter>Source\1_Modules</Filter>
    </ClCompile>
    <ClCompile Include="Source\M_FileSystem.cpp">
      <Filter>Source\1_Modules</Filter>
    </ClCompile>
    <ClCompile Include="Source\M_Camera3D.cpp">
      <Filter>Source\1_Modules</Filter>
    </ClCompile>
    <ClCompile Include="Source\I_Meshes.cpp">
      <Filter>Source\4_Importers</Filter>
    </ClCompile>
    <ClCompile Include="Source\Resource.cpp">
      <Filter>Source\3_Resources</Filter>
    </ClCompile>
    <ClCompile Include="Source\E_Console.cpp">
      <Filter>Source\2_Editor\Panels</Filter>
    </ClCompile>
    <ClCompile Include="Source\E_Inspector.cpp">
      <Filter>Source\2_Editor\Panels</Filter>
    </ClCompile>
    <ClCompile Include="Source\E_Hierarchy.cpp">
      <Filter>Source\2_Editor\Panels</Filter>
    </ClCompile>
    <ClCompile Include="Source\E_ImGuiDemo.cpp">
      <Filter>Source\2_Editor\Panels</Filter>
    </ClCompile>
    <ClCompile Include="Source\Primitive.cpp">
      <Filter>Source\5_GameObjects\Primitives</Filter>
    </ClCompile>
    <ClCompile Include="Source\I_Materials.cpp">
      <Filter>Source\4_Importers</Filter>
    </ClCompile>
    <ClCompile Include="Source\C_Mesh.cpp">
      <Filter>Source\5_GameObjects\Components</Filter>
    </ClCompile>
    <ClCompile Include="Source\C_Transform.cpp">
      <Filter>Source\5_GameObjects\Components</Filter>
    </ClCompile>
    <ClCompile Include="Source\Component.cpp">
      <Filter>Source\5_GameObjects\Components</Filter>
    </ClCompile>
    <ClCompile Include="Source\GameObject.cpp">
      <Filter>Source\5_GameObjects</Filter>
    </ClCompile>
    <ClCompile Include="Source\R_Model.cpp">
      <Filter>Source\3_Resources</Filter>
    </ClCompile>
    <ClCompile Include="Source\R_Material.cpp">
      <Filter>Source\3_Resources</Filter>
    </ClCompile>
    <ClCompile Include="Source\R_Mesh.cpp">
      <Filter>Source\3_Resources</Filter>
    </ClCompile>
    <ClCompile Include="Source\C_Light.cpp">
      <Filter>Source\5_GameObjects\Components</Filter>
    </ClCompile>
    <ClCompile Include="Source\C_Material.cpp">
      <Filter>Source\5_GameObjects\Components</Filter>
    </ClCompile>
    <ClCompile Include="Source\M_Scene.cpp">
      <Filter>Source\1_Modules</Filter>
    </ClCompile>
    <ClCompile Include="Source\C_Camera.cpp">
      <Filter>Source\5_GameObjects\Components</Filter>
    </ClCompile>
    <ClCompile Include="Source\Dependencies\gpudetect\include\DeviceId.cpp">
      <Filter>Dependencies\gpudetect</Filter>
    </ClCompile>
    <ClCompile Include="Source\Dependencies\ImGui\include\imgui.cpp">
      <Filter>Dependencies\ImGui</Filter>
    </ClCompile>
    <ClCompile Include="Source\Dependencies\ImGui\include\imgui_demo.cpp">
      <Filter>Dependencies\ImGui</Filter>
    </ClCompile>
    <ClCompile Include="Source\Dependencies\ImGui\include\imgui_draw.cpp">
      <Filter>Dependencies\ImGui</Filter>
    </ClCompile>
    <ClCompile Include="Source\Dependencies\ImGui\include\imgui_impl_opengl3.cpp">
      <Filter>Dependencies\ImGui</Filter>
    </ClCompile>
    <ClCompile Include="Source\Dependencies\ImGui\include\imgui_impl_sdl.cpp">
      <Filter>Dependencies\ImGui</Filter>
    </ClCompile>
    <ClCompile Include="Source\Dependencies\ImGui\include\imgui_widgets.cpp">
      <Filter>Dependencies\ImGui</Filter>
    </ClCompile>
    <ClCompile Include="Source\Dependencies\mmgr\include\mmgr.cpp">
      <Filter>Dependencies\mmgr</Filter>
    </ClCompile>
    <ClCompile Include="Source\Dependencies\parson\include\parson.c">
      <Filter>Dependencies\parson</Filter>
    </ClCompile>
    <ClCompile Include="Source\Dependencies\PCG\include\pcg_basic.c">
      <Filter>Dependencies\PCG</Filter>
    </ClCompile>
    <ClCompile Include="Source\Time.cpp">
      <Filter>Source\7_Tools\Time</Filter>
    </ClCompile>
    <ClCompile Include="Source\HardwareInfo.cpp">
      <Filter>Source\6_Containers\SystemInfo</Filter>
    </ClCompile>
    <ClCompile Include="Source\I_Scenes.cpp">
      <Filter>Source\4_Importers</Filter>
    </ClCompile>
    <ClCompile Include="Source\R_Texture.cpp">
      <Filter>Source\3_Resources</Filter>
    </ClCompile>
    <ClCompile Include="Source\I_Textures.cpp">
      <Filter>Source\4_Importers</Filter>
    </ClCompile>
    <ClCompile Include="Source\Random.cpp">
      <Filter>Source\7_Tools\Random</Filter>
    </ClCompile>
    <ClCompile Include="Source\Importer.cpp">
      <Filter>Source\4_Importers</Filter>
    </ClCompile>
    <ClCompile Include="Source\Dependencies\MathGeoLib\include\Algorithm\GJK.cpp">
      <Filter>Dependencies\MathGeoLib\Algorithm</Filter>
    </ClCompile>
    <ClCompile Include="Source\Dependencies\MathGeoLib\include\Algorithm\GJK2D.cpp">
      <Filter>Dependencies\MathGeoLib\Algorithm</Filter>
    </ClCompile>
    <ClCompile Include="Source\Dependencies\MathGeoLib\include\Algorithm\SAT.cpp">
      <Filter>Dependencies\MathGeoLib\Algorithm</Filter>
    </ClCompile>
    <ClCompile Include="Source\Dependencies\MathGeoLib\include\Algorithm\Random\LCG.cpp">
      <Filter>Dependencies\MathGeoLib\Algorithm\Random</Filter>
    </ClCompile>
    <ClCompile Include="Source\Dependencies\MathGeoLib\include\Geometry\AABB.cpp">
      <Filter>Dependencies\MathGeoLib\Geometry</Filter>
    </ClCompile>
    <ClCompile Include="Source\Dependencies\MathGeoLib\include\Geometry\Capsule.cpp">
      <Filter>Dependencies\MathGeoLib\Geometry</Filter>
    </ClCompile>
    <ClCompile Include="Source\Dependencies\MathGeoLib\include\Geometry\Circle.cpp">
      <Filter>Dependencies\MathGeoLib\Geometry</Filter>
    </ClCompile>
    <ClCompile Include="Source\Dependencies\MathGeoLib\include\Geometry\Circle2D.cpp">
      <Filter>Dependencies\MathGeoLib\Geometry</Filter>
    </ClCompile>
    <ClCompile Include="Source\Dependencies\MathGeoLib\include\Geometry\Frustum.cpp">
      <Filter>Dependencies\MathGeoLib\Geometry</Filter>
    </ClCompile>
    <ClCompile Include="Source\Dependencies\MathGeoLib\include\Geometry\Line.cpp">
      <Filter>Dependencies\MathGeoLib\Geometry</Filter>
    </ClCompile>
    <ClCompile Include="Source\Dependencies\MathGeoLib\include\Geometry\LineSegment.cpp">
      <Filter>Dependencies\MathGeoLib\Geometry</Filter>
    </ClCompile>
    <ClCompile Include="Source\Dependencies\MathGeoLib\include\Geometry\LineSegment2D.cpp">
      <Filter>Dependencies\MathGeoLib\Geometry</Filter>
    </ClCompile>
    <ClCompile Include="Source\Dependencies\MathGeoLib\include\Geometry\OBB.cpp">
      <Filter>Dependencies\MathGeoLib\Geometry</Filter>
    </ClCompile>
    <ClCompile Include="Source\Dependencies\MathGeoLib\include\Geometry\PBVolume.cpp">
      <Filter>Dependencies\MathGeoLib\Geometry</Filter>
    </ClCompile>
    <ClCompile Include="Source\Dependencies\MathGeoLib\include\Geometry\Plane.cpp">
      <Filter>Dependencies\MathGeoLib\Geometry</Filter>
    </ClCompile>
    <ClCompile Include="Source\Dependencies\MathGeoLib\include\Geometry\Polygon.cpp">
      <Filter>Dependencies\MathGeoLib\Geometry</Filter>
    </ClCompile>
    <ClCompile Include="Source\Dependencies\MathGeoLib\include\Geometry\Polyhedron.cpp">
      <Filter>Dependencies\MathGeoLib\Geometry</Filter>
    </ClCompile>
    <ClCompile Include="Source\Dependencies\MathGeoLib\include\Geometry\Ray.cpp">
      <Filter>Dependencies\MathGeoLib\Geometry</Filter>
    </ClCompile>
    <ClCompile Include="Source\Dependencies\MathGeoLib\include\Geometry\Sphere.cpp">
      <Filter>Dependencies\MathGeoLib\Geometry</Filter>
    </ClCompile>
    <ClCompile Include="Source\Dependencies\MathGeoLib\include\Geometry\Triangle.cpp">
      <Filter>Dependencies\MathGeoLib\Geometry</Filter>
    </ClCompile>
    <ClCompile Include="Source\Dependencies\MathGeoLib\include\Geometry\Triangle2D.cpp">
      <Filter>Dependencies\MathGeoLib\Geometry</Filter>
    </ClCompile>
    <ClCompile Include="Source\Dependencies\MathGeoLib\include\Geometry\TriangleMesh.cpp">
      <Filter>Dependencies\MathGeoLib\Geometry</Filter>
    </ClCompile>
    <ClCompile Include="Source\Dependencies\MathGeoLib\include\Math\BitOps.cpp">
      <Filter>Dependencies\MathGeoLib\Math</Filter>
    </ClCompile>
    <ClCompile Include="Source\Dependencies\MathGeoLib\include\Math\Callstack.cpp">
      <Filter>Dependencies\MathGeoLib\Math</Filter>
    </ClCompile>
    <ClCompile Include="Source\Dependencies\MathGeoLib\include\Math\float2.cpp">
      <Filter>Dependencies\MathGeoLib\Math</Filter>
    </ClCompile>
    <ClCompile Include="Source\Dependencies\MathGeoLib\include\Math\float3.cpp">
      <Filter>Dependencies\MathGeoLib\Math</Filter>
    </ClCompile>
    <ClCompile Include="Source\Dependencies\MathGeoLib\include\Math\float3x3.cpp">
      <Filter>Dependencies\MathGeoLib\Math</Filter>
    </ClCompile>
    <ClCompile Include="Source\Dependencies\MathGeoLib\include\Math\float3x4.cpp">
      <Filter>Dependencies\MathGeoLib\Math</Filter>
    </ClCompile>
    <ClCompile Include="Source\Dependencies\MathGeoLib\include\Math\float4.cpp">
      <Filter>Dependencies\MathGeoLib\Math</Filter>
    </ClCompile>
    <ClCompile Include="Source\Dependencies\MathGeoLib\include\Math\float4d.cpp">
      <Filter>Dependencies\MathGeoLib\Math</Filter>
    </ClCompile>
    <ClCompile Include="Source\Dependencies\MathGeoLib\include\Math\float4x4.cpp">
      <Filter>Dependencies\MathGeoLib\Math</Filter>
    </ClCompile>
    <ClCompile Include="Source\Dependencies\MathGeoLib\include\Math\grisu3.c">
      <Filter>Dependencies\MathGeoLib\Math</Filter>
    </ClCompile>
    <ClCompile Include="Source\Dependencies\MathGeoLib\include\Math\grisu3_cpp.cpp">
      <Filter>Dependencies\MathGeoLib\Math</Filter>
    </ClCompile>
    <ClCompile Include="Source\Dependencies\MathGeoLib\include\Math\MathFunc.cpp">
      <Filter>Dependencies\MathGeoLib\Math</Filter>
    </ClCompile>
    <ClCompile Include="Source\Dependencies\MathGeoLib\include\Math\MathLog.cpp">
      <Filter>Dependencies\MathGeoLib\Math</Filter>
    </ClCompile>
    <ClCompile Include="Source\Dependencies\MathGeoLib\include\Math\MathOps.cpp">
      <Filter>Dependencies\MathGeoLib\Math</Filter>
    </ClCompile>
    <ClCompile Include="Source\Dependencies\MathGeoLib\include\Math\MiniFloat.cpp">
      <Filter>Dependencies\MathGeoLib\Math</Filter>
    </ClCompile>
    <ClCompile Include="Source\Dependencies\MathGeoLib\include\Math\Polynomial.cpp">
      <Filter>Dependencies\MathGeoLib\Math</Filter>
    </ClCompile>
    <ClCompile Include="Source\Dependencies\MathGeoLib\include\Math\Quat.cpp">
      <Filter>Dependencies\MathGeoLib\Math</Filter>
    </ClCompile>
    <ClCompile Include="Source\Dependencies\MathGeoLib\include\Math\SSEMath.cpp">
      <Filter>Dependencies\MathGeoLib\Math</Filter>
    </ClCompile>
    <ClCompile Include="Source\Dependencies\MathGeoLib\include\Math\TransformOps.cpp">
      <Filter>Dependencies\MathGeoLib\Math</Filter>
    </ClCompile>
    <ClCompile Include="Source\Dependencies\MathGeoLib\include\Time\Clock.cpp">
      <Filter>Dependencies\MathGeoLib\Time</Filter>
    </ClCompile>
    <ClCompile Include="Source\Log.cpp">
      <Filter>Source\7_Tools\Globals</Filter>
    </ClCompile>
    <ClCompile Include="Source\Color.cpp">
      <Filter>Source\6_Containers\Color</Filter>
    </ClCompile>
    <ClCompile Include="Source\PathNode.cpp">
      <Filter>Source\6_Containers\FileSystem</Filter>
    </ClCompile>
    <ClCompile Include="Source\ImportSettings.cpp">
      <Filter>Source\6_Containers\ImportSettings</Filter>
    </ClCompile>
    <ClCompile Include="Source\JSONParser.cpp">
      <Filter>Source\7_Tools\Parsers</Filter>
    </ClCompile>
    <ClCompile Include="Source\SystemInfo.cpp">
      <Filter>Source\6_Containers\SystemInfo</Filter>
    </ClCompile>
    <ClCompile Include="Source\SoftwareInfo.cpp">
      <Filter>Source\6_Containers\SystemInfo</Filter>
    </ClCompile>
    <ClCompile Include="Source\M_ResourceManager.cpp">
      <Filter>Source\1_Modules</Filter>
    </ClCompile>
    <ClCompile Include="Source\E_Configuration.cpp">
      <Filter>Source\2_Editor\Panels</Filter>
    </ClCompile>
    <ClCompile Include="Source\E_Project.cpp">
      <Filter>Source\2_Editor\Panels</Filter>
    </ClCompile>
    <ClCompile Include="Source\EditorPanel.cpp">
      <Filter>Source\2_Editor</Filter>
    </ClCompile>
    <ClCompile Include="Source\E_MainMenuBar.cpp">
      <Filter>Source\2_Editor\Panels</Filter>
    </ClCompile>
    <ClCompile Include="Source\E_About.cpp">
      <Filter>Source\2_Editor\Panels\Popups</Filter>
    </ClCompile>
    <ClCompile Include="Source\E_LoadFile.cpp">
      <Filter>Source\2_Editor\Panels\Popups</Filter>
    </ClCompile>
    <ClCompile Include="Source\E_Toolbar.cpp">
      <Filter>Source\2_Editor\Panels</Filter>
    </ClCompile>
    <ClCompile Include="Source\Dependencies\ImGuizmo\include\ImGuizmo.cpp">
      <Filter>Dependencies\ImGuizmo</Filter>
    </ClCompile>
    <ClCompile Include="Source\E_Viewport.cpp">
      <Filter>Source\2_Editor\Panels</Filter>
    </ClCompile>
    <ClCompile Include="Source\FrameData.cpp">
      <Filter>Source\7_Tools\Time\TimeContainers</Filter>
    </ClCompile>
    <ClCompile Include="Source\Timer.cpp">
      <Filter>Source\7_Tools\Time\TimeContainers</Filter>
    </ClCompile>
    <ClCompile Include="Source\PerfectTimer.cpp">
      <Filter>Source\7_Tools\Time\TimeContainers</Filter>
    </ClCompile>
    <ClCompile Include="Source\Hourglass.cpp">
      <Filter>Source\7_Tools\Time\TimeContainers</Filter>
    </ClCompile>
    <ClCompile Include="Source\E_Resources.cpp">
      <Filter>Source\2_Editor\Panels</Filter>
    </ClCompile>
    <ClCompile Include="Source\R_Folder.cpp">
      <Filter>Source\3_Resources</Filter>
    </ClCompile>
    <ClCompile Include="Source\R_Animation.cpp">
      <Filter>Source\3_Resources</Filter>
    </ClCompile>
    <ClCompile Include="Source\R_Scene.cpp">
      <Filter>Source\3_Resources</Filter>
    </ClCompile>
    <ClCompile Include="Source\MeshSettings.cpp">
      <Filter>Source\6_Containers\ImportSettings\Settings</Filter>
    </ClCompile>
    <ClCompile Include="Source\MaterialSettings.cpp">
      <Filter>Source\6_Containers\ImportSettings\Settings</Filter>
    </ClCompile>
    <ClCompile Include="Source\TextureSettings.cpp">
      <Filter>Source\6_Containers\ImportSettings\Settings</Filter>
    </ClCompile>
    <ClCompile Include="Source\AnimationSettings.cpp">
      <Filter>Source\6_Containers\ImportSettings\Settings</Filter>
    </ClCompile>
    <ClCompile Include="Source\ModelSettings.cpp">
      <Filter>Source\6_Containers\ImportSettings\Settings</Filter>
    </ClCompile>
    <ClCompile Include="Source\I_Folders.cpp">
      <Filter>Source\4_Importers</Filter>
    </ClCompile>
    <ClCompile Include="Source\I_Animations.cpp">
      <Filter>Source\4_Importers</Filter>
    </ClCompile>
    <ClCompile Include="Source\Icons.cpp">
      <Filter>Source\6_Containers\Icons</Filter>
    </ClCompile>
    <ClCompile Include="Source\Channel.cpp">
      <Filter>Source\6_Containers\Animator</Filter>
    </ClCompile>
    <ClCompile Include="Source\E_Timeline.cpp">
      <Filter>Source\2_Editor\Panels</Filter>
    </ClCompile>
    <ClCompile Include="Source\EasingFunctions.cpp">
      <Filter>Source\7_Tools\EasingFunctions</Filter>
    </ClCompile>
    <ClCompile Include="Source\Timeline.cpp">
      <Filter>Source\7_Tools\ImGuiCustom\CustomWidgets</Filter>
    </ClCompile>
    <ClCompile Include="Source\ThemeGenerator.cpp">
      <Filter>Source\7_Tools\ImGuiCustom\CustomWidgets</Filter>
    </ClCompile>
    <ClCompile Include="Source\CurveEditor.cpp">
      <Filter>Source\7_Tools\ImGuiCustom\CustomWidgets</Filter>
    </ClCompile>
    <ClCompile Include="Source\C_Animator.cpp">
      <Filter>Source\5_GameObjects\Components</Filter>
    </ClCompile>
    <ClCompile Include="Source\C_Animation.cpp">
      <Filter>Source\5_GameObjects\Components</Filter>
    </ClCompile>
    <ClCompile Include="Source\AnimatorClip.cpp">
      <Filter>Source\6_Containers\Animator</Filter>
    </ClCompile>
  </ItemGroup>
  <ItemGroup>
    <ClInclude Include="Source\Application.h">
      <Filter>Source\0_Core</Filter>
    </ClInclude>
    <ClInclude Include="Source\Globals.h">
      <Filter>Source\0_Core</Filter>
    </ClInclude>
    <ClInclude Include="Source\Light.h">
      <Filter>Source\5_GameObjects\Light</Filter>
    </ClInclude>
    <ClInclude Include="Source\Dependencies\glew\include\eglew.h">
      <Filter>Dependencies\glew</Filter>
    </ClInclude>
    <ClInclude Include="Source\Dependencies\glew\include\glew.h">
      <Filter>Dependencies\glew</Filter>
    </ClInclude>
    <ClInclude Include="Source\Dependencies\glew\include\glxew.h">
      <Filter>Dependencies\glew</Filter>
    </ClInclude>
    <ClInclude Include="Source\Dependencies\glew\include\wglew.h">
      <Filter>Dependencies\glew</Filter>
    </ClInclude>
    <ClInclude Include="Source\M_Editor.h">
      <Filter>Source\1_Modules</Filter>
    </ClInclude>
    <ClInclude Include="Source\Dependencies\PhysFS\include\physfs.h">
      <Filter>Dependencies\PhysFS</Filter>
    </ClInclude>
    <ClInclude Include="Source\M_Input.h">
      <Filter>Source\1_Modules</Filter>
    </ClInclude>
    <ClInclude Include="Source\M_Renderer3D.h">
      <Filter>Source\1_Modules</Filter>
    </ClInclude>
    <ClInclude Include="Source\M_Window.h">
      <Filter>Source\1_Modules</Filter>
    </ClInclude>
    <ClInclude Include="Source\Module.h">
      <Filter>Source\1_Modules</Filter>
    </ClInclude>
    <ClInclude Include="Source\M_FileSystem.h">
      <Filter>Source\1_Modules</Filter>
    </ClInclude>
    <ClInclude Include="Source\M_Camera3D.h">
      <Filter>Source\1_Modules</Filter>
    </ClInclude>
    <ClInclude Include="Source\I_Meshes.h">
      <Filter>Source\4_Importers</Filter>
    </ClInclude>
    <ClInclude Include="Source\Resource.h">
      <Filter>Source\3_Resources</Filter>
    </ClInclude>
    <ClInclude Include="Source\Dependencies\DevIL\include\config.h">
      <Filter>Dependencies\DevIL</Filter>
    </ClInclude>
    <ClInclude Include="Source\Dependencies\DevIL\include\devil_internal_exports.h">
      <Filter>Dependencies\DevIL</Filter>
    </ClInclude>
    <ClInclude Include="Source\Dependencies\DevIL\include\il.h">
      <Filter>Dependencies\DevIL</Filter>
    </ClInclude>
    <ClInclude Include="Source\Dependencies\DevIL\include\il_wrap.h">
      <Filter>Dependencies\DevIL</Filter>
    </ClInclude>
    <ClInclude Include="Source\Dependencies\DevIL\include\ilu.h">
      <Filter>Dependencies\DevIL</Filter>
    </ClInclude>
    <ClInclude Include="Source\Dependencies\DevIL\include\ilu_region.h">
      <Filter>Dependencies\DevIL</Filter>
    </ClInclude>
    <ClInclude Include="Source\Dependencies\DevIL\include\ilut.h">
      <Filter>Dependencies\DevIL</Filter>
    </ClInclude>
    <ClInclude Include="Source\Dependencies\DevIL\include\ilut_config.h">
      <Filter>Dependencies\DevIL</Filter>
    </ClInclude>
    <ClInclude Include="Source\E_Console.h">
      <Filter>Source\2_Editor\Panels</Filter>
    </ClInclude>
    <ClInclude Include="Source\E_Inspector.h">
      <Filter>Source\2_Editor\Panels</Filter>
    </ClInclude>
    <ClInclude Include="Source\E_Hierarchy.h">
      <Filter>Source\2_Editor\Panels</Filter>
    </ClInclude>
    <ClInclude Include="Source\E_ImGuiDemo.h">
      <Filter>Source\2_Editor\Panels</Filter>
    </ClInclude>
    <ClInclude Include="Source\Dependencies\Assimp\include\cimport.h">
      <Filter>Dependencies\Assimp</Filter>
    </ClInclude>
    <ClInclude Include="Source\Dependencies\Assimp\include\postprocess.h">
      <Filter>Dependencies\Assimp</Filter>
    </ClInclude>
    <ClInclude Include="Source\Dependencies\Assimp\include\scene.h">
      <Filter>Dependencies\Assimp</Filter>
    </ClInclude>
    <ClInclude Include="Source\Primitive.h">
      <Filter>Source\5_GameObjects\Primitives</Filter>
    </ClInclude>
    <ClInclude Include="Source\I_Materials.h">
      <Filter>Source\4_Importers</Filter>
    </ClInclude>
    <ClInclude Include="Source\C_Mesh.h">
      <Filter>Source\5_GameObjects\Components</Filter>
    </ClInclude>
    <ClInclude Include="Source\C_Transform.h">
      <Filter>Source\5_GameObjects\Components</Filter>
    </ClInclude>
    <ClInclude Include="Source\Component.h">
      <Filter>Source\5_GameObjects\Components</Filter>
    </ClInclude>
    <ClInclude Include="Source\GameObject.h">
      <Filter>Source\5_GameObjects</Filter>
    </ClInclude>
    <ClInclude Include="Source\Dependencies\Brofiler\include\Brofiler.h">
      <Filter>Dependencies\Brofiler</Filter>
    </ClInclude>
    <ClInclude Include="Source\R_Material.h">
      <Filter>Source\3_Resources</Filter>
    </ClInclude>
    <ClInclude Include="Source\R_Mesh.h">
      <Filter>Source\3_Resources</Filter>
    </ClInclude>
    <ClInclude Include="Source\R_Model.h">
      <Filter>Source\3_Resources</Filter>
    </ClInclude>
    <ClInclude Include="Source\C_Light.h">
      <Filter>Source\5_GameObjects\Components</Filter>
    </ClInclude>
    <ClInclude Include="Source\C_Material.h">
      <Filter>Source\5_GameObjects\Components</Filter>
    </ClInclude>
    <ClInclude Include="Source\M_Scene.h">
      <Filter>Source\1_Modules</Filter>
    </ClInclude>
    <ClInclude Include="Source\C_Camera.h">
      <Filter>Source\5_GameObjects\Components</Filter>
    </ClInclude>
    <ClInclude Include="Source\Dependencies\gpudetect\include\DeviceId.h">
      <Filter>Dependencies\gpudetect</Filter>
    </ClInclude>
    <ClInclude Include="Source\Dependencies\gpudetect\include\dxgi1_4.h">
      <Filter>Dependencies\gpudetect</Filter>
    </ClInclude>
    <ClInclude Include="Source\Dependencies\ImGui\include\imconfig.h">
      <Filter>Dependencies\ImGui</Filter>
    </ClInclude>
    <ClInclude Include="Source\Dependencies\ImGui\include\imgui.h">
      <Filter>Dependencies\ImGui</Filter>
    </ClInclude>
    <ClInclude Include="Source\Dependencies\ImGui\include\imgui_impl_opengl3.h">
      <Filter>Dependencies\ImGui</Filter>
    </ClInclude>
    <ClInclude Include="Source\Dependencies\ImGui\include\imgui_impl_sdl.h">
      <Filter>Dependencies\ImGui</Filter>
    </ClInclude>
    <ClInclude Include="Source\Dependencies\ImGui\include\imgui_internal.h">
      <Filter>Dependencies\ImGui</Filter>
    </ClInclude>
    <ClInclude Include="Source\Dependencies\ImGui\include\imstb_rectpack.h">
      <Filter>Dependencies\ImGui</Filter>
    </ClInclude>
    <ClInclude Include="Source\Dependencies\ImGui\include\imstb_textedit.h">
      <Filter>Dependencies\ImGui</Filter>
    </ClInclude>
    <ClInclude Include="Source\Dependencies\ImGui\include\imstb_truetype.h">
      <Filter>Dependencies\ImGui</Filter>
    </ClInclude>
    <ClInclude Include="Source\Dependencies\mmgr\include\mmgr.h">
      <Filter>Dependencies\mmgr</Filter>
    </ClInclude>
    <ClInclude Include="Source\Dependencies\mmgr\include\nommgr.h">
      <Filter>Dependencies\mmgr</Filter>
    </ClInclude>
    <ClInclude Include="Source\Dependencies\parson\include\parson.h">
      <Filter>Dependencies\parson</Filter>
    </ClInclude>
    <ClInclude Include="Source\Dependencies\PCG\include\pcg_basic.h">
      <Filter>Dependencies\PCG</Filter>
    </ClInclude>
    <ClInclude Include="Source\Assimp.h">
      <Filter>Source\7_Tools\Includes</Filter>
    </ClInclude>
    <ClInclude Include="Source\DevIL.h">
      <Filter>Source\7_Tools\Includes</Filter>
    </ClInclude>
    <ClInclude Include="Source\ImGui.h">
      <Filter>Source\7_Tools\Includes</Filter>
    </ClInclude>
    <ClInclude Include="Source\OpenGL.h">
      <Filter>Source\7_Tools\Includes</Filter>
    </ClInclude>
    <ClInclude Include="Source\Time.h">
      <Filter>Source\7_Tools\Time</Filter>
    </ClInclude>
    <ClInclude Include="Source\MemoryManager.h">
      <Filter>Source\7_Tools\Includes</Filter>
    </ClInclude>
    <ClInclude Include="Source\Profiler.h">
      <Filter>Source\7_Tools\Includes</Filter>
    </ClInclude>
    <ClInclude Include="Source\HardwareInfo.h">
      <Filter>Source\6_Containers\SystemInfo</Filter>
    </ClInclude>
    <ClInclude Include="Source\I_Scenes.h">
      <Filter>Source\4_Importers</Filter>
    </ClInclude>
    <ClInclude Include="Source\R_Texture.h">
      <Filter>Source\3_Resources</Filter>
    </ClInclude>
    <ClInclude Include="Source\I_Textures.h">
      <Filter>Source\4_Importers</Filter>
    </ClInclude>
    <ClInclude Include="Source\Random.h">
      <Filter>Source\7_Tools\Random</Filter>
    </ClInclude>
    <ClInclude Include="Source\Importer.h">
      <Filter>Source\4_Importers</Filter>
    </ClInclude>
    <ClInclude Include="Source\Dependencies\MathGeoLib\include\MathBuildConfig.h">
      <Filter>Dependencies\MathGeoLib</Filter>
    </ClInclude>
    <ClInclude Include="Source\Dependencies\MathGeoLib\include\MathGeoLib.h">
      <Filter>Dependencies\MathGeoLib</Filter>
    </ClInclude>
    <ClInclude Include="Source\Dependencies\MathGeoLib\include\MathGeoLibFwd.h">
      <Filter>Dependencies\MathGeoLib</Filter>
    </ClInclude>
    <ClInclude Include="Source\Dependencies\MathGeoLib\include\Algorithm\GJK.h">
      <Filter>Dependencies\MathGeoLib\Algorithm</Filter>
    </ClInclude>
    <ClInclude Include="Source\Dependencies\MathGeoLib\include\Algorithm\GJK2D.h">
      <Filter>Dependencies\MathGeoLib\Algorithm</Filter>
    </ClInclude>
    <ClInclude Include="Source\Dependencies\MathGeoLib\include\Algorithm\SAT.h">
      <Filter>Dependencies\MathGeoLib\Algorithm</Filter>
    </ClInclude>
    <ClInclude Include="Source\Dependencies\MathGeoLib\include\Algorithm\Random\LCG.h">
      <Filter>Dependencies\MathGeoLib\Algorithm\Random</Filter>
    </ClInclude>
    <ClInclude Include="Source\Dependencies\MathGeoLib\include\Geometry\AABB.h">
      <Filter>Dependencies\MathGeoLib\Geometry</Filter>
    </ClInclude>
    <ClInclude Include="Source\Dependencies\MathGeoLib\include\Geometry\AABB2D.h">
      <Filter>Dependencies\MathGeoLib\Geometry</Filter>
    </ClInclude>
    <ClInclude Include="Source\Dependencies\MathGeoLib\include\Geometry\Capsule.h">
      <Filter>Dependencies\MathGeoLib\Geometry</Filter>
    </ClInclude>
    <ClInclude Include="Source\Dependencies\MathGeoLib\include\Geometry\Circle.h">
      <Filter>Dependencies\MathGeoLib\Geometry</Filter>
    </ClInclude>
    <ClInclude Include="Source\Dependencies\MathGeoLib\include\Geometry\Circle2D.h">
      <Filter>Dependencies\MathGeoLib\Geometry</Filter>
    </ClInclude>
    <ClInclude Include="Source\Dependencies\MathGeoLib\include\Geometry\Frustum.h">
      <Filter>Dependencies\MathGeoLib\Geometry</Filter>
    </ClInclude>
    <ClInclude Include="Source\Dependencies\MathGeoLib\include\Geometry\GeometryAll.h">
      <Filter>Dependencies\MathGeoLib\Geometry</Filter>
    </ClInclude>
    <ClInclude Include="Source\Dependencies\MathGeoLib\include\Geometry\GeomType.h">
      <Filter>Dependencies\MathGeoLib\Geometry</Filter>
    </ClInclude>
    <ClInclude Include="Source\Dependencies\MathGeoLib\include\Geometry\HitInfo.h">
      <Filter>Dependencies\MathGeoLib\Geometry</Filter>
    </ClInclude>
    <ClInclude Include="Source\Dependencies\MathGeoLib\include\Geometry\KDTree.h">
      <Filter>Dependencies\MathGeoLib\Geometry</Filter>
    </ClInclude>
    <ClInclude Include="Source\Dependencies\MathGeoLib\include\Geometry\Line.h">
      <Filter>Dependencies\MathGeoLib\Geometry</Filter>
    </ClInclude>
    <ClInclude Include="Source\Dependencies\MathGeoLib\include\Geometry\LineSegment.h">
      <Filter>Dependencies\MathGeoLib\Geometry</Filter>
    </ClInclude>
    <ClInclude Include="Source\Dependencies\MathGeoLib\include\Geometry\LineSegment2D.h">
      <Filter>Dependencies\MathGeoLib\Geometry</Filter>
    </ClInclude>
    <ClInclude Include="Source\Dependencies\MathGeoLib\include\Geometry\OBB.h">
      <Filter>Dependencies\MathGeoLib\Geometry</Filter>
    </ClInclude>
    <ClInclude Include="Source\Dependencies\MathGeoLib\include\Geometry\OBB2D.h">
      <Filter>Dependencies\MathGeoLib\Geometry</Filter>
    </ClInclude>
    <ClInclude Include="Source\Dependencies\MathGeoLib\include\Geometry\PBVolume.h">
      <Filter>Dependencies\MathGeoLib\Geometry</Filter>
    </ClInclude>
    <ClInclude Include="Source\Dependencies\MathGeoLib\include\Geometry\Plane.h">
      <Filter>Dependencies\MathGeoLib\Geometry</Filter>
    </ClInclude>
    <ClInclude Include="Source\Dependencies\MathGeoLib\include\Geometry\Polygon.h">
      <Filter>Dependencies\MathGeoLib\Geometry</Filter>
    </ClInclude>
    <ClInclude Include="Source\Dependencies\MathGeoLib\include\Geometry\Polygon2DRef.h">
      <Filter>Dependencies\MathGeoLib\Geometry</Filter>
    </ClInclude>
    <ClInclude Include="Source\Dependencies\MathGeoLib\include\Geometry\Polyhedron.h">
      <Filter>Dependencies\MathGeoLib\Geometry</Filter>
    </ClInclude>
    <ClInclude Include="Source\Dependencies\MathGeoLib\include\Geometry\QuadTree.h">
      <Filter>Dependencies\MathGeoLib\Geometry</Filter>
    </ClInclude>
    <ClInclude Include="Source\Dependencies\MathGeoLib\include\Geometry\Ray.h">
      <Filter>Dependencies\MathGeoLib\Geometry</Filter>
    </ClInclude>
    <ClInclude Include="Source\Dependencies\MathGeoLib\include\Geometry\Sphere.h">
      <Filter>Dependencies\MathGeoLib\Geometry</Filter>
    </ClInclude>
    <ClInclude Include="Source\Dependencies\MathGeoLib\include\Geometry\Triangle.h">
      <Filter>Dependencies\MathGeoLib\Geometry</Filter>
    </ClInclude>
    <ClInclude Include="Source\Dependencies\MathGeoLib\include\Geometry\Triangle2D.h">
      <Filter>Dependencies\MathGeoLib\Geometry</Filter>
    </ClInclude>
    <ClInclude Include="Source\Dependencies\MathGeoLib\include\Geometry\TriangleMesh.h">
      <Filter>Dependencies\MathGeoLib\Geometry</Filter>
    </ClInclude>
    <ClInclude Include="Source\Dependencies\MathGeoLib\include\Math\assume.h">
      <Filter>Dependencies\MathGeoLib\Math</Filter>
    </ClInclude>
    <ClInclude Include="Source\Dependencies\MathGeoLib\include\Math\BitFuncs.h">
      <Filter>Dependencies\MathGeoLib\Math</Filter>
    </ClInclude>
    <ClInclude Include="Source\Dependencies\MathGeoLib\include\Math\BitOps.h">
      <Filter>Dependencies\MathGeoLib\Math</Filter>
    </ClInclude>
    <ClInclude Include="Source\Dependencies\MathGeoLib\include\Math\Callstack.h">
      <Filter>Dependencies\MathGeoLib\Math</Filter>
    </ClInclude>
    <ClInclude Include="Source\Dependencies\MathGeoLib\include\Math\FixedPoint.h">
      <Filter>Dependencies\MathGeoLib\Math</Filter>
    </ClInclude>
    <ClInclude Include="Source\Dependencies\MathGeoLib\include\Math\float2.h">
      <Filter>Dependencies\MathGeoLib\Math</Filter>
    </ClInclude>
    <ClInclude Include="Source\Dependencies\MathGeoLib\include\Math\float3.h">
      <Filter>Dependencies\MathGeoLib\Math</Filter>
    </ClInclude>
    <ClInclude Include="Source\Dependencies\MathGeoLib\include\Math\float3x3.h">
      <Filter>Dependencies\MathGeoLib\Math</Filter>
    </ClInclude>
    <ClInclude Include="Source\Dependencies\MathGeoLib\include\Math\float3x4.h">
      <Filter>Dependencies\MathGeoLib\Math</Filter>
    </ClInclude>
    <ClInclude Include="Source\Dependencies\MathGeoLib\include\Math\float4.h">
      <Filter>Dependencies\MathGeoLib\Math</Filter>
    </ClInclude>
    <ClInclude Include="Source\Dependencies\MathGeoLib\include\Math\float4_neon.h">
      <Filter>Dependencies\MathGeoLib\Math</Filter>
    </ClInclude>
    <ClInclude Include="Source\Dependencies\MathGeoLib\include\Math\float4_sse.h">
      <Filter>Dependencies\MathGeoLib\Math</Filter>
    </ClInclude>
    <ClInclude Include="Source\Dependencies\MathGeoLib\include\Math\float4d.h">
      <Filter>Dependencies\MathGeoLib\Math</Filter>
    </ClInclude>
    <ClInclude Include="Source\Dependencies\MathGeoLib\include\Math\float4x4.h">
      <Filter>Dependencies\MathGeoLib\Math</Filter>
    </ClInclude>
    <ClInclude Include="Source\Dependencies\MathGeoLib\include\Math\float4x4_neon.h">
      <Filter>Dependencies\MathGeoLib\Math</Filter>
    </ClInclude>
    <ClInclude Include="Source\Dependencies\MathGeoLib\include\Math\float4x4_sse.h">
      <Filter>Dependencies\MathGeoLib\Math</Filter>
    </ClInclude>
    <ClInclude Include="Source\Dependencies\MathGeoLib\include\Math\FloatCmp.h">
      <Filter>Dependencies\MathGeoLib\Math</Filter>
    </ClInclude>
    <ClInclude Include="Source\Dependencies\MathGeoLib\include\Math\grisu3.h">
      <Filter>Dependencies\MathGeoLib\Math</Filter>
    </ClInclude>
    <ClInclude Include="Source\Dependencies\MathGeoLib\include\Math\InclWindows.h">
      <Filter>Dependencies\MathGeoLib\Math</Filter>
    </ClInclude>
    <ClInclude Include="Source\Dependencies\MathGeoLib\include\Math\Interpolate.h">
      <Filter>Dependencies\MathGeoLib\Math</Filter>
    </ClInclude>
    <ClInclude Include="Source\Dependencies\MathGeoLib\include\Math\MathAll.h">
      <Filter>Dependencies\MathGeoLib\Math</Filter>
    </ClInclude>
    <ClInclude Include="Source\Dependencies\MathGeoLib\include\Math\MathConstants.h">
      <Filter>Dependencies\MathGeoLib\Math</Filter>
    </ClInclude>
    <ClInclude Include="Source\Dependencies\MathGeoLib\include\Math\MathFunc.h">
      <Filter>Dependencies\MathGeoLib\Math</Filter>
    </ClInclude>
    <ClInclude Include="Source\Dependencies\MathGeoLib\include\Math\MathLog.h">
      <Filter>Dependencies\MathGeoLib\Math</Filter>
    </ClInclude>
    <ClInclude Include="Source\Dependencies\MathGeoLib\include\Math\MathNamespace.h">
      <Filter>Dependencies\MathGeoLib\Math</Filter>
    </ClInclude>
    <ClInclude Include="Source\Dependencies\MathGeoLib\include\Math\MathTypes.h">
      <Filter>Dependencies\MathGeoLib\Math</Filter>
    </ClInclude>
    <ClInclude Include="Source\Dependencies\MathGeoLib\include\Math\MatrixProxy.h">
      <Filter>Dependencies\MathGeoLib\Math</Filter>
    </ClInclude>
    <ClInclude Include="Source\Dependencies\MathGeoLib\include\Math\MiniFloat.h">
      <Filter>Dependencies\MathGeoLib\Math</Filter>
    </ClInclude>
    <ClInclude Include="Source\Dependencies\MathGeoLib\include\Math\MultiLineMacro.h">
      <Filter>Dependencies\MathGeoLib\Math</Filter>
    </ClInclude>
    <ClInclude Include="Source\Dependencies\MathGeoLib\include\Math\myassert.h">
      <Filter>Dependencies\MathGeoLib\Math</Filter>
    </ClInclude>
    <ClInclude Include="Source\Dependencies\MathGeoLib\include\Math\Polynomial.h">
      <Filter>Dependencies\MathGeoLib\Math</Filter>
    </ClInclude>
    <ClInclude Include="Source\Dependencies\MathGeoLib\include\Math\Quat.h">
      <Filter>Dependencies\MathGeoLib\Math</Filter>
    </ClInclude>
    <ClInclude Include="Source\Dependencies\MathGeoLib\include\Math\quat_simd.h">
      <Filter>Dependencies\MathGeoLib\Math</Filter>
    </ClInclude>
    <ClInclude Include="Source\Dependencies\MathGeoLib\include\Math\Rect.h">
      <Filter>Dependencies\MathGeoLib\Math</Filter>
    </ClInclude>
    <ClInclude Include="Source\Dependencies\MathGeoLib\include\Math\Reinterpret.h">
      <Filter>Dependencies\MathGeoLib\Math</Filter>
    </ClInclude>
    <ClInclude Include="Source\Dependencies\MathGeoLib\include\Math\simd.h">
      <Filter>Dependencies\MathGeoLib\Math</Filter>
    </ClInclude>
    <ClInclude Include="Source\Dependencies\MathGeoLib\include\Math\sse_mathfun.h">
      <Filter>Dependencies\MathGeoLib\Math</Filter>
    </ClInclude>
    <ClInclude Include="Source\Dependencies\MathGeoLib\include\Math\SSEMath.h">
      <Filter>Dependencies\MathGeoLib\Math</Filter>
    </ClInclude>
    <ClInclude Include="Source\Dependencies\MathGeoLib\include\Math\Swap.h">
      <Filter>Dependencies\MathGeoLib\Math</Filter>
    </ClInclude>
    <ClInclude Include="Source\Dependencies\MathGeoLib\include\Math\TransformOps.h">
      <Filter>Dependencies\MathGeoLib\Math</Filter>
    </ClInclude>
    <ClInclude Include="Source\Dependencies\MathGeoLib\include\Math\vec2d.h">
      <Filter>Dependencies\MathGeoLib\Math</Filter>
    </ClInclude>
    <ClInclude Include="Source\Dependencies\MathGeoLib\include\Time\Clock.h">
      <Filter>Dependencies\MathGeoLib\Time</Filter>
    </ClInclude>
    <ClInclude Include="Source\Log.h">
      <Filter>Source\7_Tools\Globals</Filter>
    </ClInclude>
    <ClInclude Include="Source\Color.h">
      <Filter>Source\6_Containers\Color</Filter>
    </ClInclude>
    <ClInclude Include="Source\PathNode.h">
      <Filter>Source\6_Containers\FileSystem</Filter>
    </ClInclude>
    <ClInclude Include="Source\Macros.h">
      <Filter>Source\7_Tools\Globals</Filter>
    </ClInclude>
    <ClInclude Include="Source\VariableDefinitions.h">
      <Filter>Source\7_Tools\Globals</Filter>
    </ClInclude>
    <ClInclude Include="Source\ConfigurationSettings.h">
      <Filter>Source\7_Tools\Globals</Filter>
    </ClInclude>
    <ClInclude Include="Source\FileSystemDefinitions.h">
      <Filter>Source\7_Tools\Globals</Filter>
    </ClInclude>
    <ClInclude Include="Source\MathGeoTransform.h">
      <Filter>Source\7_Tools\Includes</Filter>
    </ClInclude>
    <ClInclude Include="Source\MathGeoBoundingBox.h">
      <Filter>Source\7_Tools\Includes</Filter>
    </ClInclude>
    <ClInclude Include="Source\MathGeoFrustum.h">
      <Filter>Source\7_Tools\Includes</Filter>
    </ClInclude>
    <ClInclude Include="Source\UpdateStatus.h">
      <Filter>Source\7_Tools\Globals</Filter>
    </ClInclude>
    <ClInclude Include="Source\ImportSettings.h">
      <Filter>Source\6_Containers\ImportSettings</Filter>
    </ClInclude>
    <ClInclude Include="Source\JSONParser.h">
      <Filter>Source\7_Tools\Parsers</Filter>
    </ClInclude>
    <ClInclude Include="Source\VariableTypedefs.h">
      <Filter>Source\7_Tools\Globals</Filter>
    </ClInclude>
    <ClInclude Include="Source\SystemInfo.h">
      <Filter>Source\6_Containers\SystemInfo</Filter>
    </ClInclude>
    <ClInclude Include="Source\SoftwareInfo.h">
      <Filter>Source\6_Containers\SystemInfo</Filter>
    </ClInclude>
    <ClInclude Include="Source\M_ResourceManager.h">
      <Filter>Source\1_Modules</Filter>
    </ClInclude>
    <ClInclude Include="Source\E_Configuration.h">
      <Filter>Source\2_Editor\Panels</Filter>
    </ClInclude>
    <ClInclude Include="Source\E_Project.h">
      <Filter>Source\2_Editor\Panels</Filter>
    </ClInclude>
    <ClInclude Include="Source\EditorPanel.h">
      <Filter>Source\2_Editor</Filter>
    </ClInclude>
    <ClInclude Include="Source\E_MainMenuBar.h">
      <Filter>Source\2_Editor\Panels</Filter>
    </ClInclude>
    <ClInclude Include="Source\E_About.h">
      <Filter>Source\2_Editor\Panels\Popups</Filter>
    </ClInclude>
    <ClInclude Include="Source\E_LoadFile.h">
      <Filter>Source\2_Editor\Panels\Popups</Filter>
    </ClInclude>
    <ClInclude Include="Source\E_Toolbar.h">
      <Filter>Source\2_Editor\Panels</Filter>
    </ClInclude>
    <ClInclude Include="Source\Dependencies\ImGuizmo\include\ImGuizmo.h">
      <Filter>Dependencies\ImGuizmo</Filter>
    </ClInclude>
    <ClInclude Include="Source\E_Viewport.h">
      <Filter>Source\2_Editor\Panels</Filter>
    </ClInclude>
    <ClInclude Include="Source\FrameData.h">
      <Filter>Source\7_Tools\Time\TimeContainers</Filter>
    </ClInclude>
    <ClInclude Include="Source\Timer.h">
      <Filter>Source\7_Tools\Time\TimeContainers</Filter>
    </ClInclude>
    <ClInclude Include="Source\PerfectTimer.h">
      <Filter>Source\7_Tools\Time\TimeContainers</Filter>
    </ClInclude>
    <ClInclude Include="Source\Hourglass.h">
      <Filter>Source\7_Tools\Time\TimeContainers</Filter>
    </ClInclude>
    <ClInclude Include="Source\E_Resources.h">
      <Filter>Source\2_Editor\Panels</Filter>
    </ClInclude>
    <ClInclude Include="Source\R_Folder.h">
      <Filter>Source\3_Resources</Filter>
    </ClInclude>
    <ClInclude Include="Source\R_Animation.h">
      <Filter>Source\3_Resources</Filter>
    </ClInclude>
    <ClInclude Include="Source\R_Scene.h">
      <Filter>Source\3_Resources</Filter>
    </ClInclude>
    <ClInclude Include="Source\MeshSettings.h">
      <Filter>Source\6_Containers\ImportSettings\Settings</Filter>
    </ClInclude>
    <ClInclude Include="Source\MaterialSettings.h">
      <Filter>Source\6_Containers\ImportSettings\Settings</Filter>
    </ClInclude>
    <ClInclude Include="Source\TextureSettings.h">
      <Filter>Source\6_Containers\ImportSettings\Settings</Filter>
    </ClInclude>
    <ClInclude Include="Source\AnimationSettings.h">
      <Filter>Source\6_Containers\ImportSettings\Settings</Filter>
    </ClInclude>
    <ClInclude Include="Source\ModelSettings.h">
      <Filter>Source\6_Containers\ImportSettings\Settings</Filter>
    </ClInclude>
    <ClInclude Include="Source\I_Folders.h">
      <Filter>Source\4_Importers</Filter>
    </ClInclude>
    <ClInclude Include="Source\I_Animations.h">
      <Filter>Source\4_Importers</Filter>
    </ClInclude>
    <ClInclude Include="Source\Icons.h">
      <Filter>Source\6_Containers\Icons</Filter>
    </ClInclude>
    <ClInclude Include="Source\Channel.h">
      <Filter>Source\6_Containers\Animator</Filter>
    </ClInclude>
    <ClInclude Include="Source\E_Timeline.h">
      <Filter>Source\2_Editor\Panels</Filter>
    </ClInclude>
    <ClInclude Include="Source\EasingFunctions.h">
      <Filter>Source\7_Tools\EasingFunctions</Filter>
    </ClInclude>
    <ClInclude Include="Source\ImGuiCustom.h">
      <Filter>Source\7_Tools\ImGuiCustom</Filter>
    </ClInclude>
    <ClInclude Include="Source\Timeline.h">
      <Filter>Source\7_Tools\ImGuiCustom\CustomWidgets</Filter>
    </ClInclude>
    <ClInclude Include="Source\ThemeGenerator.h">
      <Filter>Source\7_Tools\ImGuiCustom\CustomWidgets</Filter>
    </ClInclude>
    <ClInclude Include="Source\CurveEditor.h">
      <Filter>Source\7_Tools\ImGuiCustom\CustomWidgets</Filter>
    </ClInclude>
    <ClInclude Include="Source\Keyframe.h">
      <Filter>Source\6_Containers\Animator</Filter>
    </ClInclude>
    <ClInclude Include="Source\AnimatorClip.h">
      <Filter>Source\6_Containers\Animator</Filter>
    </ClInclude>
    <ClInclude Include="Source\C_Animator.h">
      <Filter>Source\5_GameObjects\Components</Filter>
    </ClInclude>
    <ClInclude Include="Source\C_Animation.h">
      <Filter>Source\5_GameObjects\Components</Filter>
    </ClInclude>
    <ClInclude Include="Source\AnimationClip.h">
      <Filter>Source\6_Containers\Animation</Filter>
    </ClInclude>
    <ClInclude Include="Source\Bone.h">
      <Filter>Source\6_Containers\Animator</Filter>
    </ClInclude>
  </ItemGroup>
  <ItemGroup>
    <None Include="Resources\Engine\Configuration\configuration.JSON">
      <Filter>Source\8_ConfigurationFiles</Filter>
    </None>
    <None Include="Resources\Engine\Configuration\default_configuration.JSON">
      <Filter>Source\8_ConfigurationFiles</Filter>
    </None>
  </ItemGroup>
</Project>